
Microsoft Visual Studio Solution File, Format Version 12.00
# Visual Studio Version 16
VisualStudioVersion = 16.0.29509.3
MinimumVisualStudioVersion = 10.0.40219.1
Project("{9A19103F-16F7-4668-BE54-9A1E7A4F7556}") = "Microservices", "src\Microservices\Microservices.csproj", "{BD6C415C-2B2C-4956-870C-BE40C58FC145}"
EndProject
Project("{FAE04EC0-301F-11D3-BF4B-00C04F79EFBC}") = "Microservices.Testing", "src\Microservices.Testing\Microservices.Testing.csproj", "{F55C4801-7AF9-4C10-AF41-CD857AC72CF9}"
EndProject
Global
	GlobalSection(SolutionConfigurationPlatforms) = preSolution
		Debug|Any CPU = Debug|Any CPU
		Release|Any CPU = Release|Any CPU
	EndGlobalSection
	GlobalSection(ProjectConfigurationPlatforms) = postSolution
		{BD6C415C-2B2C-4956-870C-BE40C58FC145}.Debug|Any CPU.ActiveCfg = Debug|Any CPU
		{BD6C415C-2B2C-4956-870C-BE40C58FC145}.Debug|Any CPU.Build.0 = Debug|Any CPU
		{BD6C415C-2B2C-4956-870C-BE40C58FC145}.Release|Any CPU.ActiveCfg = Release|Any CPU
		{BD6C415C-2B2C-4956-870C-BE40C58FC145}.Release|Any CPU.Build.0 = Release|Any CPU
		{F55C4801-7AF9-4C10-AF41-CD857AC72CF9}.Debug|Any CPU.ActiveCfg = Debug|Any CPU
		{F55C4801-7AF9-4C10-AF41-CD857AC72CF9}.Debug|Any CPU.Build.0 = Debug|Any CPU
		{F55C4801-7AF9-4C10-AF41-CD857AC72CF9}.Release|Any CPU.ActiveCfg = Release|Any CPU
		{F55C4801-7AF9-4C10-AF41-CD857AC72CF9}.Release|Any CPU.Build.0 = Release|Any CPU
	EndGlobalSection
	GlobalSection(SolutionProperties) = preSolution
		HideSolutionNode = FALSE
	EndGlobalSection
	GlobalSection(ExtensibilityGlobals) = postSolution
		SolutionGuid = {7D85E9EB-F62B-4EF9-9E3B-FCBD90B568AD}
	EndGlobalSection
EndGlobal
